
Microsoft Visual Studio Solution File, Format Version 12.00
# Visual Studio Version 16
VisualStudioVersion = 16.0.30104.148
MinimumVisualStudioVersion = 10.0.40219.1
Project("{FAE04EC0-301F-11D3-BF4B-00C04F79EFBC}") = "UacService", "UacService\UacService.csproj", "{1E85714C-F772-43C4-B602-A97A125639E6}"
EndProject
Global
	GlobalSection(SolutionConfigurationPlatforms) = preSolution
		Debug|Any CPU = Debug|Any CPU
		Release|Any CPU = Release|Any CPU
	EndGlobalSection
	GlobalSection(ProjectConfigurationPlatforms) = postSolution
		{1E85714C-F772-43C4-B602-A97A125639E6}.Debug|Any CPU.ActiveCfg = Debug|Any CPU
		{1E85714C-F772-43C4-B602-A97A125639E6}.Debug|Any CPU.Build.0 = Debug|Any CPU
		{1E85714C-F772-43C4-B602-A97A125639E6}.Release|Any CPU.ActiveCfg = Release|Any CPU
		{1E85714C-F772-43C4-B602-A97A125639E6}.Release|Any CPU.Build.0 = Release|Any CPU
	EndGlobalSection
	GlobalSection(SolutionProperties) = preSolution
		HideSolutionNode = FALSE
	EndGlobalSection
	GlobalSection(ExtensibilityGlobals) = postSolution
		SolutionGuid = {A3209B47-60BB-4340-92D4-48F76A6DB04A}
	EndGlobalSection
EndGlobal
